# This file is automatically @generated by Cargo.
# It is not intended for manual editing.
version = 4

[[package]]
name = "app-hw-dl"
version = "0.1.0"

[[package]]
name = "app-x1"
version = "0.1.0"
dependencies = [
 "rlibc-x1",
]

[[package]]
name = "app-x2"
version = "0.1.0"
dependencies = [
 "rlibc-x2",
]

[[package]]
name = "rlibc-x1"
version = "0.1.0"

[[package]]
name = "rlibc-x2"
version = "0.1.0"

[[package]]
name = "rlibc-x2-tests"
version = "0.1.0"
dependencies = [
 "rlibc-x2",
]
