# This file is automatically @generated by Cargo.
# It is not intended for manual editing.
version = 4

[[package]]
name = "ex-glibc"
version = "0.1.0"
dependencies = [
 "is-libc-used",
]

[[package]]
name = "ex-musl"
version = "0.1.0"
dependencies = [
 "is-libc-used",
]

[[package]]
name = "ex-x1"
version = "0.1.0"
dependencies = [
 "is-libc-used",
 "rlibc-x1",
]

[[package]]
name = "ex-x2"
version = "0.1.0"
dependencies = [
 "is-libc-used",
 "rlibc-x2",
]

[[package]]
name = "hw-glibc"
version = "0.1.0"
dependencies = [
 "is-libc-used",
]

[[package]]
name = "hw-musl"
version = "0.1.0"
dependencies = [
 "is-libc-used",
]

[[package]]
name = "hw-x1"
version = "0.1.0"
dependencies = [
 "is-libc-used",
 "rlibc-x1",
]

[[package]]
name = "hw-x2"
version = "0.1.0"
dependencies = [
 "is-libc-used",
 "rlibc-x2",
]

[[package]]
name = "is-libc-used"
version = "0.1.0"
dependencies = [
 "object",
]

[[package]]
name = "memchr"
version = "2.7.6"
source = "registry+https://github.com/rust-lang/crates.io-index"
checksum = "f52b00d39961fc5b2736ea853c9cc86238e165017a493d1d5c8eac6bdc4cc273"

[[package]]
name = "object"
version = "0.36.7"
source = "registry+https://github.com/rust-lang/crates.io-index"
checksum = "62948e14d923ea95ea2c7c86c71013138b66525b86bdc08d2dcc262bdb497b87"
dependencies = [
 "memchr",
]

[[package]]
name = "rlibc-x1"
version = "0.1.0"

[[package]]
name = "rlibc-x2"
version = "0.1.0"

[[package]]
name = "rlibc-x2-tests"
version = "0.1.0"
dependencies = [
 "rlibc-x2",
]
